
Microsoft Visual Studio Solution File, Format Version 12.00
# Visual Studio Version 17
VisualStudioVersion = 17.2.32516.85
MinimumVisualStudioVersion = 10.0.40219.1
Project("{FAE04EC0-301F-11D3-BF4B-00C04F79EFBC}") = "Beetee", "Beetee\Beetee.csproj", "{8338EF26-DF1D-4ACC-9D2C-B9D2E5F12A27}"
EndProject
Global
	GlobalSection(SolutionConfigurationPlatforms) = preSolution
		Debug|Any CPU = Debug|Any CPU
		Release|Any CPU = Release|Any CPU
	EndGlobalSection
	GlobalSection(ProjectConfigurationPlatforms) = postSolution
		{8338EF26-DF1D-4ACC-9D2C-B9D2E5F12A27}.Debug|Any CPU.ActiveCfg = Debug|Any CPU
		{8338EF26-DF1D-4ACC-9D2C-B9D2E5F12A27}.Debug|Any CPU.Build.0 = Debug|Any CPU
		{8338EF26-DF1D-4ACC-9D2C-B9D2E5F12A27}.Release|Any CPU.ActiveCfg = Release|Any CPU
		{8338EF26-DF1D-4ACC-9D2C-B9D2E5F12A27}.Release|Any CPU.Build.0 = Release|Any CPU
	EndGlobalSection
	GlobalSection(SolutionProperties) = preSolution
		HideSolutionNode = FALSE
	EndGlobalSection
	GlobalSection(ExtensibilityGlobals) = postSolution
		SolutionGuid = {1B238038-AB9C-48A4-8F5E-A7EE6682F11A}
	EndGlobalSection
EndGlobal
